// !$*UTF8*$!
{
	archiveVersion = 1;
	classes = {
	};
	objectVersion = 50;
	objects = {

/* Begin PBXBuildFile section */
		E23E261E213F4AEC0068E1EC /* AppDelegate.swift in Sources */ = {isa = PBXBuildFile; fileRef = E23E261D213F4AEC0068E1EC /* AppDelegate.swift */; };
		E23E2620213F4AEC0068E1EC /* ViewController.swift in Sources */ = {isa = PBXBuildFile; fileRef = E23E261F213F4AEC0068E1EC /* ViewController.swift */; };
		E23E2623213F4AEC0068E1EC /* Main.storyboard in Resources */ = {isa = PBXBuildFile; fileRef = E23E2621213F4AEC0068E1EC /* Main.storyboard */; };
		E23E2625213F4AED0068E1EC /* Assets.xcassets in Resources */ = {isa = PBXBuildFile; fileRef = E23E2624213F4AED0068E1EC /* Assets.xcassets */; };
		E23E2628213F4AED0068E1EC /* LaunchScreen.storyboard in Resources */ = {isa = PBXBuildFile; fileRef = E23E2626213F4AED0068E1EC /* LaunchScreen.storyboard */; };
		E23E2633213F4AED0068E1EC /* TouchTrackerTests.swift in Sources */ = {isa = PBXBuildFile; fileRef = E23E2632213F4AED0068E1EC /* TouchTrackerTests.swift */; };
		E23E263E213F4AED0068E1EC /* TouchTrackerUITests.swift in Sources */ = {isa = PBXBuildFile; fileRef = E23E263D213F4AED0068E1EC /* TouchTrackerUITests.swift */; };
/* End PBXBuildFile section */

/* Begin PBXContainerItemProxy section */
		E23E262F213F4AED0068E1EC /* PBXContainerItemProxy */ = {
			isa = PBXContainerItemProxy;
			containerPortal = E23E2612213F4AEC0068E1EC /* Project object */;
			proxyType = 1;
			remoteGlobalIDString = E23E2619213F4AEC0068E1EC;
			remoteInfo = TouchTracker;
		};
		E23E263A213F4AED0068E1EC /* PBXContainerItemProxy */ = {
			isa = PBXContainerItemProxy;
			containerPortal = E23E2612213F4AEC0068E1EC /* Project object */;
			proxyType = 1;
			remoteGlobalIDString = E23E2619213F4AEC0068E1EC;
			remoteInfo = TouchTracker;
		};
/* End PBXContainerItemProxy section */

/* Begin PBXFileReference section */
		E23E261A213F4AEC0068E1EC /* TouchTracker.app */ = {isa = PBXFileReference; explicitFileType = wrapper.application; includeInIndex = 0; path = TouchTracker.app; sourceTree = BUILT_PRODUCTS_DIR; };
		E23E261D213F4AEC0068E1EC /* AppDelegate.swift */ = {isa = PBXFileReference; lastKnownFileType = sourcecode.swift; path = AppDelegate.swift; sourceTree = "<group>"; };
		E23E261F213F4AEC0068E1EC /* ViewController.swift */ = {isa = PBXFileReference; lastKnownFileType = sourcecode.swift; path = ViewController.swift; sourceTree = "<group>"; };
		E23E2622213F4AEC0068E1EC /* Base */ = {isa = PBXFileReference; lastKnownFileType = file.storyboard; name = Base; path = Base.lproj/Main.storyboard; sourceTree = "<group>"; };
		E23E2624213F4AED0068E1EC /* Assets.xcassets */ = {isa = PBXFileReference; lastKnownFileType = folder.assetcatalog; path = Assets.xcassets; sourceTree = "<group>"; };
		E23E2627213F4AED0068E1EC /* Base */ = {isa = PBXFileReference; lastKnownFileType = file.storyboard; name = Base; path = Base.lproj/LaunchScreen.storyboard; sourceTree = "<group>"; };
		E23E2629213F4AED0068E1EC /* Info.plist */ = {isa = PBXFileReference; lastKnownFileType = text.plist.xml; path = Info.plist; sourceTree = "<group>"; };
		E23E262E213F4AED0068E1EC /* TouchTrackerTests.xctest */ = {isa = PBXFileReference; explicitFileType = wrapper.cfbundle; includeInIndex = 0; path = TouchTrackerTests.xctest; sourceTree = BUILT_PRODUCTS_DIR; };
		E23E2632213F4AED0068E1EC /* TouchTrackerTests.swift */ = {isa = PBXFileReference; lastKnownFileType = sourcecode.swift; path = TouchTrackerTests.swift; sourceTree = "<group>"; };
		E23E2634213F4AED0068E1EC /* Info.plist */ = {isa = PBXFileReference; lastKnownFileType = text.plist.xml; path = Info.plist; sourceTree = "<group>"; };
		E23E2639213F4AED0068E1EC /* TouchTrackerUITests.xctest */ = {isa = PBXFileReference; explicitFileType = wrapper.cfbundle; includeInIndex = 0; path = TouchTrackerUITests.xctest; sourceTree = BUILT_PRODUCTS_DIR; };
		E23E263D213F4AED0068E1EC /* TouchTrackerUITests.swift */ = {isa = PBXFileReference; lastKnownFileType = sourcecode.swift; path = TouchTrackerUITests.swift; sourceTree = "<group>"; };
		E23E263F213F4AED0068E1EC /* Info.plist */ = {isa = PBXFileReference; lastKnownFileType = text.plist.xml; path = Info.plist; sourceTree = "<group>"; };
/* End PBXFileReference section */

/* Begin PBXFrameworksBuildPhase section */
		E23E2617213F4AEC0068E1EC /* Frameworks */ = {
			isa = PBXFrameworksBuildPhase;
			buildActionMask = 2147483647;
			files = (
			);
			runOnlyForDeploymentPostprocessing = 0;
		};
		E23E262B213F4AED0068E1EC /* Frameworks */ = {
			isa = PBXFrameworksBuildPhase;
			buildActionMask = 2147483647;
			files = (
			);
			runOnlyForDeploymentPostprocessing = 0;
		};
		E23E2636213F4AED0068E1EC /* Frameworks */ = {
			isa = PBXFrameworksBuildPhase;
			buildActionMask = 2147483647;
			files = (
			);
			runOnlyForDeploymentPostprocessing = 0;
		};
/* End PBXFrameworksBuildPhase section */

/* Begin PBXGroup section */
		E23E2611213F4AEC0068E1EC = {
			isa = PBXGroup;
			children = (
				E23E261C213F4AEC0068E1EC /* TouchTracker */,
				E23E2631213F4AED0068E1EC /* TouchTrackerTests */,
				E23E263C213F4AED0068E1EC /* TouchTrackerUITests */,
				E23E261B213F4AEC0068E1EC /* Products */,
			);
			sourceTree = "<group>";
		};
		E23E261B213F4AEC0068E1EC /* Products */ = {
			isa = PBXGroup;
			children = (
				E23E261A213F4AEC0068E1EC /* TouchTracker.app */,
				E23E262E213F4AED0068E1EC /* TouchTrackerTests.xctest */,
				E23E2639213F4AED0068E1EC /* TouchTrackerUITests.xctest */,
			);
			name = Products;
			sourceTree = "<group>";
		};
		E23E261C213F4AEC0068E1EC /* TouchTracker */ = {
			isa = PBXGroup;
			children = (
				E23E261D213F4AEC0068E1EC /* AppDelegate.swift */,
				E23E261F213F4AEC0068E1EC /* ViewController.swift */,
				E23E2621213F4AEC0068E1EC /* Main.storyboard */,
				E23E2624213F4AED0068E1EC /* Assets.xcassets */,
				E23E2626213F4AED0068E1EC /* LaunchScreen.storyboard */,
				E23E2629213F4AED0068E1EC /* Info.plist */,
			);
			path = TouchTracker;
			sourceTree = "<group>";
		};
		E23E2631213F4AED0068E1EC /* TouchTrackerTests */ = {
			isa = PBXGroup;
			children = (
				E23E2632213F4AED0068E1EC /* TouchTrackerTests.swift */,
				E23E2634213F4AED0068E1EC /* Info.plist */,
			);
			path = TouchTrackerTests;
			sourceTree = "<group>";
		};
		E23E263C213F4AED0068E1EC /* TouchTrackerUITests */ = {
			isa = PBXGroup;
			children = (
				E23E263D213F4AED0068E1EC /* TouchTrackerUITests.swift */,
				E23E263F213F4AED0068E1EC /* Info.plist */,
			);
			path = TouchTrackerUITests;
			sourceTree = "<group>";
		};
/* End PBXGroup section */

/* Begin PBXNativeTarget section */
		E23E2619213F4AEC0068E1EC /* TouchTracker */ = {
			isa = PBXNativeTarget;
			buildConfigurationList = E23E2642213F4AED0068E1EC /* Build configuration list for PBXNativeTarget "TouchTracker" */;
			buildPhases = (
				E23E2616213F4AEC0068E1EC /* Sources */,
				E23E2617213F4AEC0068E1EC /* Frameworks */,
				E23E2618213F4AEC0068E1EC /* Resources */,
			);
			buildRules = (
			);
			dependencies = (
			);
			name = TouchTracker;
			productName = TouchTracker;
			productReference = E23E261A213F4AEC0068E1EC /* TouchTracker.app */;
			productType = "com.apple.product-type.application";
		};
		E23E262D213F4AED0068E1EC /* TouchTrackerTests */ = {
			isa = PBXNativeTarget;
			buildConfigurationList = E23E2645213F4AED0068E1EC /* Build configuration list for PBXNativeTarget "TouchTrackerTests" */;
			buildPhases = (
				E23E262A213F4AED0068E1EC /* Sources */,
				E23E262B213F4AED0068E1EC /* Frameworks */,
				E23E262C213F4AED0068E1EC /* Resources */,
			);
			buildRules = (
			);
			dependencies = (
				E23E2630213F4AED0068E1EC /* PBXTargetDependency */,
			);
			name = TouchTrackerTests;
			productName = TouchTrackerTests;
			productReference = E23E262E213F4AED0068E1EC /* TouchTrackerTests.xctest */;
			productType = "com.apple.product-type.bundle.unit-test";
		};
		E23E2638213F4AED0068E1EC /* TouchTrackerUITests */ = {
			isa = PBXNativeTarget;
			buildConfigurationList = E23E2648213F4AED0068E1EC /* Build configuration list for PBXNativeTarget "TouchTrackerUITests" */;
			buildPhases = (
				E23E2635213F4AED0068E1EC /* Sources */,
				E23E2636213F4AED0068E1EC /* Frameworks */,
				E23E2637213F4AED0068E1EC /* Resources */,
			);
			buildRules = (
			);
			dependencies = (
				E23E263B213F4AED0068E1EC /* PBXTargetDependency */,
			);
			name = TouchTrackerUITests;
			productName = TouchTrackerUITests;
			productReference = E23E2639213F4AED0068E1EC /* TouchTrackerUITests.xctest */;
			productType = "com.apple.product-type.bundle.ui-testing";
		};
/* End PBXNativeTarget section */

/* Begin PBXProject section */
		E23E2612213F4AEC0068E1EC /* Project object */ = {
			isa = PBXProject;
			attributes = {
				LastSwiftUpdateCheck = 0940;
				LastUpgradeCheck = 0940;
				ORGANIZATIONNAME = "Infinity and Beyond";
				TargetAttributes = {
					E23E2619213F4AEC0068E1EC = {
						CreatedOnToolsVersion = 9.4.1;
					};
					E23E262D213F4AED0068E1EC = {
						CreatedOnToolsVersion = 9.4.1;
						TestTargetID = E23E2619213F4AEC0068E1EC;
					};
					E23E2638213F4AED0068E1EC = {
						CreatedOnToolsVersion = 9.4.1;
						TestTargetID = E23E2619213F4AEC0068E1EC;
					};
				};
			};
			buildConfigurationList = E23E2615213F4AEC0068E1EC /* Build configuration list for PBXProject "TouchTracker" */;
			compatibilityVersion = "Xcode 9.3";
			developmentRegion = en;
			hasScannedForEncodings = 0;
			knownRegions = (
				en,
				Base,
			);
			mainGroup = E23E2611213F4AEC0068E1EC;
			productRefGroup = E23E261B213F4AEC0068E1EC /* Products */;
			projectDirPath = "";
			projectRoot = "";
			targets = (
				E23E2619213F4AEC0068E1EC /* TouchTracker */,
				E23E262D213F4AED0068E1EC /* TouchTrackerTests */,
				E23E2638213F4AED0068E1EC /* TouchTrackerUITests */,
			);
		};
/* End PBXProject section */

/* Begin PBXResourcesBuildPhase section */
		E23E2618213F4AEC0068E1EC /* Resources */ = {
			isa = PBXResourcesBuildPhase;
			buildActionMask = 2147483647;
			files = (
				E23E2628213F4AED0068E1EC /* LaunchScreen.storyboard in Resources */,
				E23E2625213F4AED0068E1EC /* Assets.xcassets in Resources */,
				E23E2623213F4AEC0068E1EC /* Main.storyboard in Resources */,
			);
			runOnlyForDeploymentPostprocessing = 0;
		};
		E23E262C213F4AED0068E1EC /* Resources */ = {
			isa = PBXResourcesBuildPhase;
			buildActionMask = 2147483647;
			files = (
			);
			runOnlyForDeploymentPostprocessing = 0;
		};
		E23E2637213F4AED0068E1EC /* Resources */ = {
			isa = PBXResourcesBuildPhase;
			buildActionMask = 2147483647;
			files = (
			);
			runOnlyForDeploymentPostprocessing = 0;
		};
/* End PBXResourcesBuildPhase section */

/* Begin PBXSourcesBuildPhase section */
		E23E2616213F4AEC0068E1EC /* Sources */ = {
			isa = PBXSourcesBuildPhase;
			buildActionMask = 2147483647;
			files = (
				E23E2620213F4AEC0068E1EC /* ViewController.swift in Sources */,
				E23E261E213F4AEC0068E1EC /* AppDelegate.swift in Sources */,
			);
			runOnlyForDeploymentPostprocessing = 0;
		};
		E23E262A213F4AED0068E1EC /* Sources */ = {
			isa = PBXSourcesBuildPhase;
			buildActionMask = 2147483647;
			files = (
				E23E2633213F4AED0068E1EC /* TouchTrackerTests.swift in Sources */,
			);
			runOnlyForDeploymentPostprocessing = 0;
		};
		E23E2635213F4AED0068E1EC /* Sources */ = {
			isa = PBXSourcesBuildPhase;
			buildActionMask = 2147483647;
			files = (
				E23E263E213F4AED0068E1EC /* TouchTrackerUITests.swift in Sources */,
			);
			runOnlyForDeploymentPostprocessing = 0;
		};
/* End PBXSourcesBuildPhase section */

/* Begin PBXTargetDependency section */
		E23E2630213F4AED0068E1EC /* PBXTargetDependency */ = {
			isa = PBXTargetDependency;
			target = E23E2619213F4AEC0068E1EC /* TouchTracker */;
			targetProxy = E23E262F213F4AED0068E1EC /* PBXContainerItemProxy */;
		};
		E23E263B213F4AED0068E1EC /* PBXTargetDependency */ = {
			isa = PBXTargetDependency;
			target = E23E2619213F4AEC0068E1EC /* TouchTracker */;
			targetProxy = E23E263A213F4AED0068E1EC /* PBXContainerItemProxy */;
		};
/* End PBXTargetDependency section */

/* Begin PBXVariantGroup section */
		E23E2621213F4AEC0068E1EC /* Main.storyboard */ = {
			isa = PBXVariantGroup;
			children = (
				E23E2622213F4AEC0068E1EC /* Base */,
			);
			name = Main.storyboard;
			sourceTree = "<group>";
		};
		E23E2626213F4AED0068E1EC /* LaunchScreen.storyboard */ = {
			isa = PBXVariantGroup;
			children = (
				E23E2627213F4AED0068E1EC /* Base */,
			);
			name = LaunchScreen.storyboard;
			sourceTree = "<group>";
		};
/* End PBXVariantGroup section */

/* Begin XCBuildConfiguration section */
		E23E2640213F4AED0068E1EC /* Debug */ = {
			isa = XCBuildConfiguration;
			buildSettings = {
				ALWAYS_SEARCH_USER_PATHS = NO;
				CLANG_ANALYZER_NONNULL = YES;
				CLANG_ANALYZER_NUMBER_OBJECT_CONVERSION = YES_AGGRESSIVE;
				CLANG_CXX_LANGUAGE_STANDARD = "gnu++14";
				CLANG_CXX_LIBRARY = "libc++";
				CLANG_ENABLE_MODULES = YES;
				CLANG_ENABLE_OBJC_ARC = YES;
				CLANG_ENABLE_OBJC_WEAK = YES;
				CLANG_WARN_BLOCK_CAPTURE_AUTORELEASING = YES;
				CLANG_WARN_BOOL_CONVERSION = YES;
				CLANG_WARN_COMMA = YES;
				CLANG_WARN_CONSTANT_CONVERSION = YES;
				CLANG_WARN_DEPRECATED_OBJC_IMPLEMENTATIONS = YES;
				CLANG_WARN_DIRECT_OBJC_ISA_USAGE = YES_ERROR;
				CLANG_WARN_DOCUMENTATION_COMMENTS = YES;
				CLANG_WARN_EMPTY_BODY = YES;
				CLANG_WARN_ENUM_CONVERSION = YES;
				CLANG_WARN_INFINITE_RECURSION = YES;
				CLANG_WARN_INT_CONVERSION = YES;
				CLANG_WARN_NON_LITERAL_NULL_CONVERSION = YES;
				CLANG_WARN_OBJC_IMPLICIT_RETAIN_SELF = YES;
				CLANG_WARN_OBJC_LITERAL_CONVERSION = YES;
				CLANG_WARN_OBJC_ROOT_CLASS = YES_ERROR;
				CLANG_WARN_RANGE_LOOP_ANALYSIS = YES;
				CLANG_WARN_STRICT_PROTOTYPES = YES;
				CLANG_WARN_SUSPICIOUS_MOVE = YES;
				CLANG_WARN_UNGUARDED_AVAILABILITY = YES_AGGRESSIVE;
				CLANG_WARN_UNREACHABLE_CODE = YES;
				CLANG_WARN__DUPLICATE_METHOD_MATCH = YES;
				CODE_SIGN_IDENTITY = "iPhone Developer";
				COPY_PHASE_STRIP = NO;
				DEBUG_INFORMATION_FORMAT = dwarf;
				ENABLE_STRICT_OBJC_MSGSEND = YES;
				ENABLE_TESTABILITY = YES;
				GCC_C_LANGUAGE_STANDARD = gnu11;
				GCC_DYNAMIC_NO_PIC = NO;
				GCC_NO_COMMON_BLOCKS = YES;
				GCC_OPTIMIZATION_LEVEL = 0;
				GCC_PREPROCESSOR_DEFINITIONS = (
					"DEBUG=1",
					"$(inherited)",
				);
				GCC_WARN_64_TO_32_BIT_CONVERSION = YES;
				GCC_WARN_ABOUT_RETURN_TYPE = YES_ERROR;
				GCC_WARN_UNDECLARED_SELECTOR = YES;
				GCC_WARN_UNINITIALIZED_AUTOS = YES_AGGRESSIVE;
				GCC_WARN_UNUSED_FUNCTION = YES;
				GCC_WARN_UNUSED_VARIABLE = YES;
				IPHONEOS_DEPLOYMENT_TARGET = 11.4;
				MTL_ENABLE_DEBUG_INFO = YES;
				ONLY_ACTIVE_ARCH = YES;
				SDKROOT = iphoneos;
				SWIFT_ACTIVE_COMPILATION_CONDITIONS = DEBUG;
				SWIFT_OPTIMIZATION_LEVEL = "-Onone";
			};
			name = Debug;
		};
		E23E2641213F4AED0068E1EC /* Release */ = {
			isa = XCBuildConfiguration;
			buildSettings = {
				ALWAYS_SEARCH_USER_PATHS = NO;
				CLANG_ANALYZER_NONNULL = YES;
				CLANG_ANALYZER_NUMBER_OBJECT_CONVERSION = YES_AGGRESSIVE;
				CLANG_CXX_LANGUAGE_STANDARD = "gnu++14";
				CLANG_CXX_LIBRARY = "libc++";
				CLANG_ENABLE_MODULES = YES;
				CLANG_ENABLE_OBJC_ARC = YES;
				CLANG_ENABLE_OBJC_WEAK = YES;
				CLANG_WARN_BLOCK_CAPTURE_AUTORELEASING = YES;
				CLANG_WARN_BOOL_CONVERSION = YES;
				CLANG_WARN_COMMA = YES;
				CLANG_WARN_CONSTANT_CONVERSION = YES;
				CLANG_WARN_DEPRECATED_OBJC_IMPLEMENTATIONS = YES;
				CLANG_WARN_DIRECT_OBJC_ISA_USAGE = YES_ERROR;
				CLANG_WARN_DOCUMENTATION_COMMENTS = YES;
				CLANG_WARN_EMPTY_BODY = YES;
				CLANG_WARN_ENUM_CONVERSION = YES;
				CLANG_WARN_INFINITE_RECURSION = YES;
				CLANG_WARN_INT_CONVERSION = YES;
				CLANG_WARN_NON_LITERAL_NULL_CONVERSION = YES;
				CLANG_WARN_OBJC_IMPLICIT_RETAIN_SELF = YES;
				CLANG_WARN_OBJC_LITERAL_CONVERSION = YES;
				CLANG_WARN_OBJC_ROOT_CLASS = YES_ERROR;
				CLANG_WARN_RANGE_LOOP_ANALYSIS = YES;
				CLANG_WARN_STRICT_PROTOTYPES = YES;
				CLANG_WARN_SUSPICIOUS_MOVE = YES;
				CLANG_WARN_UNGUARDED_AVAILABILITY = YES_AGGRESSIVE;
				CLANG_WARN_UNREACHABLE_CODE = YES;
				CLANG_WARN__DUPLICATE_METHOD_MATCH = YES;
				CODE_SIGN_IDENTITY = "iPhone Developer";
				COPY_PHASE_STRIP = NO;
				DEBUG_INFORMATION_FORMAT = "dwarf-with-dsym";
				ENABLE_NS_ASSERTIONS = NO;
				ENABLE_STRICT_OBJC_MSGSEND = YES;
				GCC_C_LANGUAGE_STANDARD = gnu11;
				GCC_NO_COMMON_BLOCKS = YES;
				GCC_WARN_64_TO_32_BIT_CONVERSION = YES;
				GCC_WARN_ABOUT_RETURN_TYPE = YES_ERROR;
				GCC_WARN_UNDECLARED_SELECTOR = YES;
				GCC_WARN_UNINITIALIZED_AUTOS = YES_AGGRESSIVE;
				GCC_WARN_UNUSED_FUNCTION = YES;
				GCC_WARN_UNUSED_VARIABLE = YES;
				IPHONEOS_DEPLOYMENT_TARGET = 11.4;
				MTL_ENABLE_DEBUG_INFO = NO;
				SDKROOT = iphoneos;
				SWIFT_COMPILATION_MODE = wholemodule;
				SWIFT_OPTIMIZATION_LEVEL = "-O";
				VALIDATE_PRODUCT = YES;
			};
			name = Release;
		};
		E23E2643213F4AED0068E1EC /* Debug */ = {
			isa = XCBuildConfiguration;
			buildSettings = {
				ASSETCATALOG_COMPILER_APPICON_NAME = AppIcon;
				CODE_SIGN_STYLE = Automatic;
				INFOPLIST_FILE = TouchTracker/Info.plist;
				LD_RUNPATH_SEARCH_PATHS = (
					"$(inherited)",
					"@executable_path/Frameworks",
				);
				PRODUCT_BUNDLE_IDENTIFIER = Thomas.Feng.TouchTracker;
				PRODUCT_NAME = "$(TARGET_NAME)";
				SWIFT_VERSION = 4.0;
				TARGETED_DEVICE_FAMILY = "1,2";
			};
			name = Debug;
		};
		E23E2644213F4AED0068E1EC /* Release */ = {
			isa = XCBuildConfiguration;
			buildSettings = {
				ASSETCATALOG_COMPILER_APPICON_NAME = AppIcon;
				CODE_SIGN_STYLE = Automatic;
				INFOPLIST_FILE = TouchTracker/Info.plist;
				LD_RUNPATH_SEARCH_PATHS = (
					"$(inherited)",
					"@executable_path/Frameworks",
				);
				PRODUCT_BUNDLE_IDENTIFIER = Thomas.Feng.TouchTracker;
				PRODUCT_NAME = "$(TARGET_NAME)";
				SWIFT_VERSION = 4.0;
				TARGETED_DEVICE_FAMILY = "1,2";
			};
			name = Release;
		};
		E23E2646213F4AED0068E1EC /* Debug */ = {
			isa = XCBuildConfiguration;
			buildSettings = {
				ALWAYS_EMBED_SWIFT_STANDARD_LIBRARIES = YES;
				BUNDLE_LOADER = "$(TEST_HOST)";
				CODE_SIGN_STYLE = Automatic;
				INFOPLIST_FILE = TouchTrackerTests/Info.plist;
				LD_RUNPATH_SEARCH_PATHS = (
					"$(inherited)",
					"@executable_path/Frameworks",
					"@loader_path/Frameworks",
				);
				PRODUCT_BUNDLE_IDENTIFIER = Thomas.Feng.TouchTrackerTests;
				PRODUCT_NAME = "$(TARGET_NAME)";
				SWIFT_VERSION = 4.0;
				TARGETED_DEVICE_FAMILY = "1,2";
				TEST_HOST = "$(BUILT_PRODUCTS_DIR)/TouchTracker.app/TouchTracker";
			};
			name = Debug;
		};
		E23E2647213F4AED0068E1EC /* Release */ = {
			isa = XCBuildConfiguration;
			buildSettings = {
				ALWAYS_EMBED_SWIFT_STANDARD_LIBRARIES = YES;
				BUNDLE_LOADER = "$(TEST_HOST)";
				CODE_SIGN_STYLE = Automatic;
				INFOPLIST_FILE = TouchTrackerTests/Info.plist;
				LD_RUNPATH_SEARCH_PATHS = (
					"$(inherited)",
					"@executable_path/Frameworks",
					"@loader_path/Frameworks",
				);
				PRODUCT_BUNDLE_IDENTIFIER = Thomas.Feng.TouchTrackerTests;
				PRODUCT_NAME = "$(TARGET_NAME)";
				SWIFT_VERSION = 4.0;
				TARGETED_DEVICE_FAMILY = "1,2";
				TEST_HOST = "$(BUILT_PRODUCTS_DIR)/TouchTracker.app/TouchTracker";
			};
			name = Release;
		};
		E23E2649213F4AED0068E1EC /* Debug */ = {
			isa = XCBuildConfiguration;
			buildSettings = {
				ALWAYS_EMBED_SWIFT_STANDARD_LIBRARIES = YES;
				CODE_SIGN_STYLE = Automatic;
				INFOPLIST_FILE = TouchTrackerUITests/Info.plist;
				LD_RUNPATH_SEARCH_PATHS = (
					"$(inherited)",
					"@executable_path/Frameworks",
					"@loader_path/Frameworks",
				);
				PRODUCT_BUNDLE_IDENTIFIER = Thomas.Feng.TouchTrackerUITests;
				PRODUCT_NAME = "$(TARGET_NAME)";
				SWIFT_VERSION = 4.0;
				TARGETED_DEVICE_FAMILY = "1,2";
				TEST_TARGET_NAME = TouchTracker;
			};
			name = Debug;
		};
		E23E264A213F4AED0068E1EC /* Release */ = {
			isa = XCBuildConfiguration;
			buildSettings = {
				ALWAYS_EMBED_SWIFT_STANDARD_LIBRARIES = YES;
				CODE_SIGN_STYLE = Automatic;
				INFOPLIST_FILE = TouchTrackerUITests/Info.plist;
				LD_RUNPATH_SEARCH_PATHS = (
					"$(inherited)",
					"@executable_path/Frameworks",
					"@loader_path/Frameworks",
				);
				PRODUCT_BUNDLE_IDENTIFIER = Thomas.Feng.TouchTrackerUITests;
				PRODUCT_NAME = "$(TARGET_NAME)";
				SWIFT_VERSION = 4.0;
				TARGETED_DEVICE_FAMILY = "1,2";
				TEST_TARGET_NAME = TouchTracker;
			};
			name = Release;
		};
/* End XCBuildConfiguration section */

/* Begin XCConfigurationList section */
		E23E2615213F4AEC0068E1EC /* Build configuration list for PBXProject "TouchTracker" */ = {
			isa = XCConfigurationList;
			buildConfigurations = (
				E23E2640213F4AED0068E1EC /* Debug */,
				E23E2641213F4AED0068E1EC /* Release */,
			);
			defaultConfigurationIsVisible = 0;
			defaultConfigurationName = Release;
		};
		E23E2642213F4AED0068E1EC /* Build configuration list for PBXNativeTarget "TouchTracker" */ = {
			isa = XCConfigurationList;
			buildConfigurations = (
				E23E2643213F4AED0068E1EC /* Debug */,
				E23E2644213F4AED0068E1EC /* Release */,
			);
			defaultConfigurationIsVisible = 0;
			defaultConfigurationName = Release;
		};
		E23E2645213F4AED0068E1EC /* Build configuration list for PBXNativeTarget "TouchTrackerTests" */ = {
			isa = XCConfigurationList;
			buildConfigurations = (
				E23E2646213F4AED0068E1EC /* Debug */,
				E23E2647213F4AED0068E1EC /* Release */,
			);
			defaultConfigurationIsVisible = 0;
			defaultConfigurationName = Release;
		};
		E23E2648213F4AED0068E1EC /* Build configuration list for PBXNativeTarget "TouchTrackerUITests" */ = {
			isa = XCConfigurationList;
			buildConfigurations = (
				E23E2649213F4AED0068E1EC /* Debug */,
				E23E264A213F4AED0068E1EC /* Release */,
			);
			defaultConfigurationIsVisible = 0;
			defaultConfigurationName = Release;
		};
/* End XCConfigurationList section */
	};
	rootObject = E23E2612213F4AEC0068E1EC /* Project object */;
}
